{
  "name": "wurld-core",
  "version": "1.2.0",
  "lockfileVersion": 3,
  "requires": true,
  "packages": {
    "": {
      "name": "wurld-core",
      "version": "1.2.0",
      "license": "MIT",
      "devDependencies": {
        "chromapakz": "^0.9.1"
      },
      "engines": {
        "node": ">=18"
      },
      "peerDependencies": {
        "chromapakz": "^0.9.1"
      },
      "peerDependenciesMeta": {
        "chromapakz": {
          "optional": true
        }
      }
    },
    "node_modules/chromapakz": {
      "version": "0.9.1",
      "resolved": "https://registry.npmjs.org/chromapakz/-/chromapakz-0.9.1.tgz",
      "integrity": "sha512-Zax4q/8+iv0/isADCxi6F4+mlxlszcTowsKCaEx2sSi5JYjKIoPVuUMop5FHGV090u4sKy5Csojn7hHrzJ6p+w==",
      "dev": true,
      "license": "MIT",
      "engines": {
        "node": ">=18"
      }
    }
  }
}
