{
  "name": "spatial",
  "version": "1.0.0",
  "lockfileVersion": 3,
  "requires": true,
  "packages": {
    "": {
      "name": "spatial",
      "version": "1.0.0",
      "license": "ISC",
      "dependencies": {
        "chromapakz": "^0.4.0"
      }
    },
    "node_modules/chromapakz": {
      "version": "0.4.0",
      "resolved": "https://registry.npmjs.org/chromapakz/-/chromapakz-0.4.0.tgz",
      "integrity": "sha512-hHmT9Wow9Ntv7U3ewdyAAA4WhjrwpepIwRTdoT+4NbKwg+gljGn0Dw+4a+7v4z9sJzVRB/S1Z97/ssjg2x5RsA==",
      "license": "MIT",
      "engines": {
        "node": ">=18"
      }
    }
  }
}
