{
  "name": "wurld-core",
  "version": "1.1.1",
  "lockfileVersion": 3,
  "requires": true,
  "packages": {
    "": {
      "name": "wurld-core",
      "version": "1.1.1",
      "license": "MIT",
      "devDependencies": {
        "chromapakz": "^0.8.0"
      },
      "engines": {
        "node": ">=18"
      },
      "peerDependencies": {
        "chromapakz": "^0.8.0"
      },
      "peerDependenciesMeta": {
        "chromapakz": {
          "optional": true
        }
      }
    },
    "node_modules/chromapakz": {
      "version": "0.8.0",
      "resolved": "https://registry.npmjs.org/chromapakz/-/chromapakz-0.8.0.tgz",
      "integrity": "sha512-QpwPZNhYsIfdPuO62mH1bPNY2XNK3wdpaveJHA3jIWBWOmQB8wYvEfTJ2vZCtzKy7QHRLCJhFXVEaFPbS5oTmg==",
      "dev": true,
      "license": "MIT",
      "engines": {
        "node": ">=18"
      }
    }
  }
}
